
Microsoft Visual Studio Solution File, Format Version 12.00
# Visual Studio Version 16
VisualStudioVersion = 16.0.31829.152
MinimumVisualStudioVersion = 10.0.40219.1
Project("{159641D6-6404-4A2A-AE62-294DE0FE8301}") = "1712458", "1712458\1712458\1712458.dtproj", "{2A94FDEB-E951-4066-96B4-A77348A1EC33}"
EndProject
Global
	GlobalSection(SolutionConfigurationPlatforms) = preSolution
		Development|Default = Development|Default
	EndGlobalSection
	GlobalSection(ProjectConfigurationPlatforms) = postSolution
		{2A94FDEB-E951-4066-96B4-A77348A1EC33}.Development|Default.ActiveCfg = Development
		{2A94FDEB-E951-4066-96B4-A77348A1EC33}.Development|Default.Build.0 = Development
	EndGlobalSection
	GlobalSection(SolutionProperties) = preSolution
		HideSolutionNode = FALSE
	EndGlobalSection
	GlobalSection(ExtensibilityGlobals) = postSolution
		SolutionGuid = {4E01BA95-8CBF-4F18-A49D-40B76532A6D4}
	EndGlobalSection
EndGlobal
